
Microsoft Visual Studio Solution File, Format Version 12.00
# Visual Studio Version 16
VisualStudioVersion = 16.0.29709.97
MinimumVisualStudioVersion = 10.0.40219.1
Project("{FAE04EC0-301F-11D3-BF4B-00C04F79EFBC}") = "NE.UI", "NE.UI\NE.UI.csproj", "{70F2EFCA-F34A-4705-8837-6DEBE2CDB54F}"
EndProject
Project("{9A19103F-16F7-4668-BE54-9A1E7A4F7556}") = "NE.Core", "NE.Core\NE.Core.csproj", "{49386E66-007D-43F9-B480-78E27EC47A25}"
EndProject
Project("{FAE04EC0-301F-11D3-BF4B-00C04F79EFBC}") = "NE.Infrastructure", "NE.Infrastructure\NE.Infrastructure.csproj", "{C3303AA9-2420-4535-B585-EEF6FA0E2DBE}"
EndProject
Global
	GlobalSection(SolutionConfigurationPlatforms) = preSolution
		Debug|Any CPU = Debug|Any CPU
		Release|Any CPU = Release|Any CPU
	EndGlobalSection
	GlobalSection(ProjectConfigurationPlatforms) = postSolution
		{70F2EFCA-F34A-4705-8837-6DEBE2CDB54F}.Debug|Any CPU.ActiveCfg = Debug|Any CPU
		{70F2EFCA-F34A-4705-8837-6DEBE2CDB54F}.Debug|Any CPU.Build.0 = Debug|Any CPU
		{70F2EFCA-F34A-4705-8837-6DEBE2CDB54F}.Release|Any CPU.ActiveCfg = Release|Any CPU
		{70F2EFCA-F34A-4705-8837-6DEBE2CDB54F}.Release|Any CPU.Build.0 = Release|Any CPU
		{49386E66-007D-43F9-B480-78E27EC47A25}.Debug|Any CPU.ActiveCfg = Debug|Any CPU
		{49386E66-007D-43F9-B480-78E27EC47A25}.Debug|Any CPU.Build.0 = Debug|Any CPU
		{49386E66-007D-43F9-B480-78E27EC47A25}.Release|Any CPU.ActiveCfg = Release|Any CPU
		{49386E66-007D-43F9-B480-78E27EC47A25}.Release|Any CPU.Build.0 = Release|Any CPU
		{C3303AA9-2420-4535-B585-EEF6FA0E2DBE}.Debug|Any CPU.ActiveCfg = Debug|Any CPU
		{C3303AA9-2420-4535-B585-EEF6FA0E2DBE}.Debug|Any CPU.Build.0 = Debug|Any CPU
		{C3303AA9-2420-4535-B585-EEF6FA0E2DBE}.Release|Any CPU.ActiveCfg = Release|Any CPU
		{C3303AA9-2420-4535-B585-EEF6FA0E2DBE}.Release|Any CPU.Build.0 = Release|Any CPU
	EndGlobalSection
	GlobalSection(SolutionProperties) = preSolution
		HideSolutionNode = FALSE
	EndGlobalSection
	GlobalSection(ExtensibilityGlobals) = postSolution
		SolutionGuid = {38A801C6-C9F9-455B-9B83-87751BBDCD13}
	EndGlobalSection
EndGlobal
